
Microsoft Visual Studio Solution File, Format Version 12.00
# Visual Studio Version 17
VisualStudioVersion = 17.1.32210.238
MinimumVisualStudioVersion = 10.0.40219.1
Project("{FAE04EC0-301F-11D3-BF4B-00C04F79EFBC}") = "1-Hello_world", "Hello_World\1-Hello_world.csproj", "{BE9C9ABD-16F5-4306-9FBC-3CDE012EECD6}"
EndProject
Project("{FAE04EC0-301F-11D3-BF4B-00C04F79EFBC}") = "2-criando_variaveis", "2-criando_variaveis\2-criando_variaveis.csproj", "{87A74AE1-0552-4EC8-B05D-AD0154F3674D}"
EndProject
Project("{FAE04EC0-301F-11D3-BF4B-00C04F79EFBC}") = "3-Variaveis_ponto_flutuante", "3-Variaveis_ponto_flutuante\3-Variaveis_ponto_flutuante.csproj", "{08E7CC5F-0794-4CAB-9D29-ABECDA63B201}"
EndProject
Project("{FAE04EC0-301F-11D3-BF4B-00C04F79EFBC}") = "4-Conversoes_e_outros_tipos_numericos", "4-Conversoes_e_outros_tipos_numericos\4-Conversoes_e_outros_tipos_numericos.csproj", "{5DAD4096-E5E9-4612-BE5F-D1472E4109C0}"
EndProject
Project("{FAE04EC0-301F-11D3-BF4B-00C04F79EFBC}") = "5-Caracteres_e_textos", "5-Caracteres_e_textos\5-Caracteres_e_textos.csproj", "{97CE4F89-2582-4F64-95EF-EF6216220E87}"
EndProject
Project("{FAE04EC0-301F-11D3-BF4B-00C04F79EFBC}") = "6-Atribuicoes_de_variaveis", "6-Atribuicoes_de_variaveis\6-Atribuicoes_de_variaveis.csproj", "{3C1F3468-716D-4370-80EA-53FD848C0E77}"
EndProject
Project("{FAE04EC0-301F-11D3-BF4B-00C04F79EFBC}") = "7-Condicionais", "7-Condicionais\7-Condicionais.csproj", "{188AEDDB-9354-4338-B007-5D13E9929197}"
EndProject
Project("{FAE04EC0-301F-11D3-BF4B-00C04F79EFBC}") = "8-Condicionais_2", "8-Condicionais_2\8-Condicionais_2.csproj", "{C9A324C5-3911-44AB-8311-69BFA56A4072}"
EndProject
Project("{FAE04EC0-301F-11D3-BF4B-00C04F79EFBC}") = "9-Escopo", "9-Escopo\9-Escopo.csproj", "{6BDB68F1-D54C-481A-9B81-758E289F8F24}"
EndProject
Project("{FAE04EC0-301F-11D3-BF4B-00C04F79EFBC}") = "P10-Calcula_poupanca", "10-Calcula_poupanca\P10-Calcula_poupanca.csproj", "{B54D2D4B-1A80-4DC7-8CD7-33316703B8C9}"
EndProject
Project("{FAE04EC0-301F-11D3-BF4B-00C04F79EFBC}") = "P11-Calcula_poupanca_2", "P11-Calcula_poupanca_2\P11-Calcula_poupanca_2.csproj", "{402576ED-2ED8-40EC-AB9F-9BDBCD80957A}"
EndProject
Global
	GlobalSection(SolutionConfigurationPlatforms) = preSolution
		Debug|Any CPU = Debug|Any CPU
		Release|Any CPU = Release|Any CPU
	EndGlobalSection
	GlobalSection(ProjectConfigurationPlatforms) = postSolution
		{BE9C9ABD-16F5-4306-9FBC-3CDE012EECD6}.Debug|Any CPU.ActiveCfg = Debug|Any CPU
		{BE9C9ABD-16F5-4306-9FBC-3CDE012EECD6}.Debug|Any CPU.Build.0 = Debug|Any CPU
		{BE9C9ABD-16F5-4306-9FBC-3CDE012EECD6}.Release|Any CPU.ActiveCfg = Release|Any CPU
		{BE9C9ABD-16F5-4306-9FBC-3CDE012EECD6}.Release|Any CPU.Build.0 = Release|Any CPU
		{87A74AE1-0552-4EC8-B05D-AD0154F3674D}.Debug|Any CPU.ActiveCfg = Debug|Any CPU
		{87A74AE1-0552-4EC8-B05D-AD0154F3674D}.Debug|Any CPU.Build.0 = Debug|Any CPU
		{87A74AE1-0552-4EC8-B05D-AD0154F3674D}.Release|Any CPU.ActiveCfg = Release|Any CPU
		{87A74AE1-0552-4EC8-B05D-AD0154F3674D}.Release|Any CPU.Build.0 = Release|Any CPU
		{08E7CC5F-0794-4CAB-9D29-ABECDA63B201}.Debug|Any CPU.ActiveCfg = Debug|Any CPU
		{08E7CC5F-0794-4CAB-9D29-ABECDA63B201}.Debug|Any CPU.Build.0 = Debug|Any CPU
		{08E7CC5F-0794-4CAB-9D29-ABECDA63B201}.Release|Any CPU.ActiveCfg = Release|Any CPU
		{08E7CC5F-0794-4CAB-9D29-ABECDA63B201}.Release|Any CPU.Build.0 = Release|Any CPU
		{5DAD4096-E5E9-4612-BE5F-D1472E4109C0}.Debug|Any CPU.ActiveCfg = Debug|Any CPU
		{5DAD4096-E5E9-4612-BE5F-D1472E4109C0}.Debug|Any CPU.Build.0 = Debug|Any CPU
		{5DAD4096-E5E9-4612-BE5F-D1472E4109C0}.Release|Any CPU.ActiveCfg = Release|Any CPU
		{5DAD4096-E5E9-4612-BE5F-D1472E4109C0}.Release|Any CPU.Build.0 = Release|Any CPU
		{97CE4F89-2582-4F64-95EF-EF6216220E87}.Debug|Any CPU.ActiveCfg = Debug|Any CPU
		{97CE4F89-2582-4F64-95EF-EF6216220E87}.Debug|Any CPU.Build.0 = Debug|Any CPU
		{97CE4F89-2582-4F64-95EF-EF6216220E87}.Release|Any CPU.ActiveCfg = Release|Any CPU
		{97CE4F89-2582-4F64-95EF-EF6216220E87}.Release|Any CPU.Build.0 = Release|Any CPU
		{3C1F3468-716D-4370-80EA-53FD848C0E77}.Debug|Any CPU.ActiveCfg = Debug|Any CPU
		{3C1F3468-716D-4370-80EA-53FD848C0E77}.Debug|Any CPU.Build.0 = Debug|Any CPU
		{3C1F3468-716D-4370-80EA-53FD848C0E77}.Release|Any CPU.ActiveCfg = Release|Any CPU
		{3C1F3468-716D-4370-80EA-53FD848C0E77}.Release|Any CPU.Build.0 = Release|Any CPU
		{188AEDDB-9354-4338-B007-5D13E9929197}.Debug|Any CPU.ActiveCfg = Debug|Any CPU
		{188AEDDB-9354-4338-B007-5D13E9929197}.Debug|Any CPU.Build.0 = Debug|Any CPU
		{188AEDDB-9354-4338-B007-5D13E9929197}.Release|Any CPU.ActiveCfg = Release|Any CPU
		{188AEDDB-9354-4338-B007-5D13E9929197}.Release|Any CPU.Build.0 = Release|Any CPU
		{C9A324C5-3911-44AB-8311-69BFA56A4072}.Debug|Any CPU.ActiveCfg = Debug|Any CPU
		{C9A324C5-3911-44AB-8311-69BFA56A4072}.Debug|Any CPU.Build.0 = Debug|Any CPU
		{C9A324C5-3911-44AB-8311-69BFA56A4072}.Release|Any CPU.ActiveCfg = Release|Any CPU
		{C9A324C5-3911-44AB-8311-69BFA56A4072}.Release|Any CPU.Build.0 = Release|Any CPU
		{6BDB68F1-D54C-481A-9B81-758E289F8F24}.Debug|Any CPU.ActiveCfg = Debug|Any CPU
		{6BDB68F1-D54C-481A-9B81-758E289F8F24}.Debug|Any CPU.Build.0 = Debug|Any CPU
		{6BDB68F1-D54C-481A-9B81-758E289F8F24}.Release|Any CPU.ActiveCfg = Release|Any CPU
		{6BDB68F1-D54C-481A-9B81-758E289F8F24}.Release|Any CPU.Build.0 = Release|Any CPU
		{B54D2D4B-1A80-4DC7-8CD7-33316703B8C9}.Debug|Any CPU.ActiveCfg = Debug|Any CPU
		{B54D2D4B-1A80-4DC7-8CD7-33316703B8C9}.Debug|Any CPU.Build.0 = Debug|Any CPU
		{B54D2D4B-1A80-4DC7-8CD7-33316703B8C9}.Release|Any CPU.ActiveCfg = Release|Any CPU
		{B54D2D4B-1A80-4DC7-8CD7-33316703B8C9}.Release|Any CPU.Build.0 = Release|Any CPU
		{402576ED-2ED8-40EC-AB9F-9BDBCD80957A}.Debug|Any CPU.ActiveCfg = Debug|Any CPU
		{402576ED-2ED8-40EC-AB9F-9BDBCD80957A}.Debug|Any CPU.Build.0 = Debug|Any CPU
		{402576ED-2ED8-40EC-AB9F-9BDBCD80957A}.Release|Any CPU.ActiveCfg = Release|Any CPU
		{402576ED-2ED8-40EC-AB9F-9BDBCD80957A}.Release|Any CPU.Build.0 = Release|Any CPU
	EndGlobalSection
	GlobalSection(SolutionProperties) = preSolution
		HideSolutionNode = FALSE
	EndGlobalSection
	GlobalSection(ExtensibilityGlobals) = postSolution
		SolutionGuid = {406DFF4D-4FC0-4516-9013-D93D9873EA46}
	EndGlobalSection
EndGlobal
